
Microsoft Visual Studio Solution File, Format Version 12.00
# Visual Studio 15
VisualStudioVersion = 15.0.33529.398
MinimumVisualStudioVersion = 10.0.40219.1
Project("{FAE04EC0-301F-11D3-BF4B-00C04F79EFBC}") = "1Aula - Conceitos_Csharp", "1Aula - Conceitos_Csharp\1Aula - Conceitos_Csharp.csproj", "{AE006F30-5992-46DE-B781-C6C3704B07D2}"
EndProject
Global
	GlobalSection(SolutionConfigurationPlatforms) = preSolution
		Debug|Any CPU = Debug|Any CPU
		Release|Any CPU = Release|Any CPU
	EndGlobalSection
	GlobalSection(ProjectConfigurationPlatforms) = postSolution
		{AE006F30-5992-46DE-B781-C6C3704B07D2}.Debug|Any CPU.ActiveCfg = Debug|Any CPU
		{AE006F30-5992-46DE-B781-C6C3704B07D2}.Debug|Any CPU.Build.0 = Debug|Any CPU
		{AE006F30-5992-46DE-B781-C6C3704B07D2}.Release|Any CPU.ActiveCfg = Release|Any CPU
		{AE006F30-5992-46DE-B781-C6C3704B07D2}.Release|Any CPU.Build.0 = Release|Any CPU
	EndGlobalSection
	GlobalSection(SolutionProperties) = preSolution
		HideSolutionNode = FALSE
	EndGlobalSection
	GlobalSection(ExtensibilityGlobals) = postSolution
		SolutionGuid = {0FAE65E6-0092-4638-AA93-4DAA780B1E31}
	EndGlobalSection
EndGlobal
